
Microsoft Visual Studio Solution File, Format Version 12.00
# Visual Studio 14
VisualStudioVersion = 14.0.25420.1
MinimumVisualStudioVersion = 10.0.40219.1
Project("{FAE04EC0-301F-11D3-BF4B-00C04F79EFBC}") = "RankingAtletes.AppWeb", "RankingAtletes.AppWeb\RankingAtletes.AppWeb.csproj", "{D40C2DCE-7881-4BD2-970A-FF1261EF3067}"
EndProject
Project("{FAE04EC0-301F-11D3-BF4B-00C04F79EFBC}") = "RankingAtletes.Service", "RankingAtletes.Service\RankingAtletes.Service.csproj", "{8DBB654D-16D9-4EDE-82F1-29728C09AE4B}"
EndProject
Project("{FAE04EC0-301F-11D3-BF4B-00C04F79EFBC}") = "RankingAtletes.Model", "RankingAtletes.Model\RankingAtletes.Model.csproj", "{DC06F366-1DCB-4276-A060-2EAD9926A8D8}"
EndProject
Project("{2150E333-8FDC-42A3-9474-1A3956D46DE8}") = "src", "src", "{BFE3C65A-2572-4E2A-B272-1736D6758D79}"
EndProject
Global
	GlobalSection(SolutionConfigurationPlatforms) = preSolution
		Debug|Any CPU = Debug|Any CPU
		Release|Any CPU = Release|Any CPU
	EndGlobalSection
	GlobalSection(ProjectConfigurationPlatforms) = postSolution
		{D40C2DCE-7881-4BD2-970A-FF1261EF3067}.Debug|Any CPU.ActiveCfg = Debug|Any CPU
		{D40C2DCE-7881-4BD2-970A-FF1261EF3067}.Debug|Any CPU.Build.0 = Debug|Any CPU
		{D40C2DCE-7881-4BD2-970A-FF1261EF3067}.Release|Any CPU.ActiveCfg = Release|Any CPU
		{D40C2DCE-7881-4BD2-970A-FF1261EF3067}.Release|Any CPU.Build.0 = Release|Any CPU
		{8DBB654D-16D9-4EDE-82F1-29728C09AE4B}.Debug|Any CPU.ActiveCfg = Debug|Any CPU
		{8DBB654D-16D9-4EDE-82F1-29728C09AE4B}.Debug|Any CPU.Build.0 = Debug|Any CPU
		{8DBB654D-16D9-4EDE-82F1-29728C09AE4B}.Release|Any CPU.ActiveCfg = Release|Any CPU
		{8DBB654D-16D9-4EDE-82F1-29728C09AE4B}.Release|Any CPU.Build.0 = Release|Any CPU
		{DC06F366-1DCB-4276-A060-2EAD9926A8D8}.Debug|Any CPU.ActiveCfg = Debug|Any CPU
		{DC06F366-1DCB-4276-A060-2EAD9926A8D8}.Debug|Any CPU.Build.0 = Debug|Any CPU
		{DC06F366-1DCB-4276-A060-2EAD9926A8D8}.Release|Any CPU.ActiveCfg = Release|Any CPU
		{DC06F366-1DCB-4276-A060-2EAD9926A8D8}.Release|Any CPU.Build.0 = Release|Any CPU
	EndGlobalSection
	GlobalSection(SolutionProperties) = preSolution
		HideSolutionNode = FALSE
	EndGlobalSection
	GlobalSection(NestedProjects) = preSolution
		{D40C2DCE-7881-4BD2-970A-FF1261EF3067} = {BFE3C65A-2572-4E2A-B272-1736D6758D79}
		{8DBB654D-16D9-4EDE-82F1-29728C09AE4B} = {BFE3C65A-2572-4E2A-B272-1736D6758D79}
		{DC06F366-1DCB-4276-A060-2EAD9926A8D8} = {BFE3C65A-2572-4E2A-B272-1736D6758D79}
	EndGlobalSection
EndGlobal
